<?xml version="1.0" encoding="utf-8"?>
<Project ToolsVersion="4.0" xmlns="http://schemas.microsoft.com/developer/msbuild/2003">
  <ItemGroup>
    <Filter Include="Source Files">
      <UniqueIdentifier>{4FC737F1-C7A5-4376-A066-2A32D752A2FF}</UniqueIdentifier>
      <Extensions>cpp;c;cc;cxx;def;odl;idl;hpj;bat;asm;asmx</Extensions>
    </Filter>
    <Filter Include="Header Files">
      <UniqueIdentifier>{93995380-89BD-4b04-88EB-625FBE52EBFB}</UniqueIdentifier>
      <Extensions>h;hh;hpp;hxx;hm;inl;inc;xsd</Extensions>
    </Filter>
    <Filter Include="Resource Files">
      <UniqueIdentifier>{67DA6AB6-F800-4c08-8B7A-83BB121AAD01}</UniqueIdentifier>
      <Extensions>rc;ico;cur;bmp;dlg;rc2;rct;bin;rgs;gif;jpg;jpeg;jpe;resx;tiff;tif;png;wav;mfcribbon-ms</Extensions>
    </Filter>
    <Filter Include="Source Files\Engine">
      <UniqueIdentifier>{c3a099f0-2ff0-4e2e-83fb-6b9802fd498a}</UniqueIdentifier>
    </Filter>
    <Filter Include="Source Files\Game">
      <UniqueIdentifier>{f4a50fae-94c8-486e-a3bb-c79997ef72a8}</UniqueIdentifier>
    </Filter>
    <Filter Include="Header Files\Engine">
      <UniqueIdentifier>{bbd8ff3f-a7b9-44a9-ab6a-d98e17173594}</UniqueIdentifier>
    </Filter>
    <Filter Include="Header Files\Game">
      <UniqueIdentifier>{2b261110-e8b5-45a1-b6be-e1ed3e25bfad}</UniqueIdentifier>
    </Filter>
    <Filter Include="Source Files\Engine\Physics">
      <UniqueIdentifier>{3029b15d-c59b-44dc-9be3-21150e8a7888}</UniqueIdentifier>
    </Filter>
    <Filter Include="Source Files\Engine\Util">
      <UniqueIdentifier>{545e4897-c1b4-4daa-a88e-9efe2c2f0bad}</UniqueIdentifier>
    </Filter>
    <Filter Include="Header Files\Engine\Physics">
      <UniqueIdentifier>{6012d9bf-9298-439b-aa05-ad27fc1e522a}</UniqueIdentifier>
    </Filter>
    <Filter Include="Header Files\Engine\Util">
      <UniqueIdentifier>{2200fa67-d22f-4e86-930f-5084e47ffa8a}</UniqueIdentifier>
    </Filter>
  </ItemGroup>
  <ItemGroup>
    <None Include="Inputs\hole.01.db">
      <Filter>Resource Files</Filter>
    </None>
    <None Include="Inputs\hole.02.db">
      <Filter>Resource Files</Filter>
    </None>
    <None Include="Inputs\hole.00.db">
      <Filter>Resource Files</Filter>
    </None>
    <None Include="..\Debug\db\testcourse3.db">
      <Filter>Resource Files</Filter>
    </None>
    <None Include="..\Debug\db\testcourse1.db">
      <Filter>Resource Files</Filter>
    </None>
    <None Include="..\Debug\db\testcourse2.db">
      <Filter>Resource Files</Filter>
    </None>
  </ItemGroup>
  <ItemGroup>
    <ClCompile Include="golfCourse.cpp">
      <Filter>Source Files\Game</Filter>
    </ClCompile>
    <ClCompile Include="Util\catcher.cpp">
      <Filter>Source Files\Engine\Util</Filter>
    </ClCompile>
    <ClCompile Include="Util\reader.cpp">
      <Filter>Source Files\Engine\Util</Filter>
    </ClCompile>
    <ClCompile Include="Physics\position.cpp">
      <Filter>Source Files\Engine\Physics</Filter>
    </ClCompile>
    <ClCompile Include="Physics\vector3.cpp">
      <Filter>Source Files\Engine\Physics</Filter>
    </ClCompile>
    <ClCompile Include="Physics\force.cpp">
      <Filter>Source Files\Engine\Physics</Filter>
    </ClCompile>
    <ClCompile Include="Physics\rigidbody.cpp">
      <Filter>Source Files\Engine\Physics</Filter>
    </ClCompile>
    <ClCompile Include="Physics\collider.cpp">
      <Filter>Source Files\Engine\Physics</Filter>
    </ClCompile>
    <ClCompile Include="Physics\movingCollider.cpp">
      <Filter>Source Files\Engine\Physics</Filter>
    </ClCompile>
    <ClCompile Include="miniGolfGame.cpp">
      <Filter>Source Files\Game</Filter>
    </ClCompile>
    <ClCompile Include="main.cpp">
      <Filter>Source Files\Game</Filter>
    </ClCompile>
    <ClCompile Include="Util\HUD.cpp">
      <Filter>Source Files\Engine\Util</Filter>
    </ClCompile>
    <ClCompile Include="Util\playerProfile.cpp">
      <Filter>Source Files\Engine\Util</Filter>
    </ClCompile>
    <ClCompile Include="Util\courseInfo.cpp">
      <Filter>Source Files\Engine\Util</Filter>
    </ClCompile>
  </ItemGroup>
  <ItemGroup>
    <ClInclude Include="golfCourse.h">
      <Filter>Header Files\Game</Filter>
    </ClInclude>
    <ClInclude Include="Util\reader.h">
      <Filter>Header Files\Engine\Util</Filter>
    </ClInclude>
    <ClInclude Include="Util\catcher.h">
      <Filter>Header Files\Engine\Util</Filter>
    </ClInclude>
    <ClInclude Include="Physics\position.h">
      <Filter>Header Files\Engine\Physics</Filter>
    </ClInclude>
    <ClInclude Include="Physics\vector3.h">
      <Filter>Header Files\Engine\Physics</Filter>
    </ClInclude>
    <ClInclude Include="Physics\rigidbody.h">
      <Filter>Header Files\Engine\Physics</Filter>
    </ClInclude>
    <ClInclude Include="Physics\collider.h">
      <Filter>Header Files\Engine\Physics</Filter>
    </ClInclude>
    <ClInclude Include="Physics\movingCollider.h">
      <Filter>Header Files\Engine\Physics</Filter>
    </ClInclude>
    <ClInclude Include="Physics\force.h">
      <Filter>Header Files\Engine\Physics</Filter>
    </ClInclude>
    <ClInclude Include="miniGolfGame.h">
      <Filter>Header Files\Game</Filter>
    </ClInclude>
    <ClInclude Include="Util\HUD.h">
      <Filter>Header Files\Engine\Util</Filter>
    </ClInclude>
    <ClInclude Include="Util\playerProfile.h">
      <Filter>Header Files\Engine\Util</Filter>
    </ClInclude>
    <ClInclude Include="Util\courseInfo.h">
      <Filter>Header Files\Engine\Util</Filter>
    </ClInclude>
  </ItemGroup>
</Project>